{
  "requires": true,
  "lockfileVersion": 1,
  "dependencies": {
    "@types/node": {
      "version": "13.13.5",
      "resolved": "https://registry.npmjs.org/@types/node/-/node-13.13.5.tgz",
      "integrity": "sha512-3ySmiBYJPqgjiHA7oEaIo2Rzz0HrOZ7yrNO5HWyaE5q0lQ3BppDZ3N53Miz8bw2I7gh1/zir2MGVZBvpb1zq9g=="
    },
    "@types/screeps": {
      "version": "3.1.1",
      "resolved": "https://registry.npmjs.org/@types/screeps/-/screeps-3.1.1.tgz",
      "integrity": "sha512-BK+KoOSgY0FLkCj8hMEK9Oyro3nnIhNaI86ZjRI4nLhNHN+QQ1NvcJn9O9ovoYayL4B7iN63ixoCW//99tq5MQ=="
    }
  }
}
